
Microsoft Visual Studio Solution File, Format Version 12.00
# Visual Studio Version 17
VisualStudioVersion = 17.2.32602.215
MinimumVisualStudioVersion = 10.0.40219.1
Project("{9A19103F-16F7-4668-BE54-9A1E7A4F7556}") = "Core6Mvc", "Core6Mvc\Core6Mvc.csproj", "{F865D1D9-FC17-4DA9-8DF1-3366D296BEA9}"
EndProject
Project("{9A19103F-16F7-4668-BE54-9A1E7A4F7556}") = "Northwind.Entities", "Northwind.Entities\Northwind.Entities.csproj", "{67312E61-8D6B-4D0C-AC39-BF1A28650978}"
EndProject
Project("{FAE04EC0-301F-11D3-BF4B-00C04F79EFBC}") = "Northwind.DAL", "Northwind.DAL\Northwind.DAL.csproj", "{CA687E5A-AF17-4149-8FDA-71BF421BB93C}"
EndProject
Project("{FAE04EC0-301F-11D3-BF4B-00C04F79EFBC}") = "Northwind.BL", "Northwind.BL\Northwind.BL.csproj", "{C34C28A0-F792-4053-8F70-73E997863A48}"
EndProject
Global
	GlobalSection(SolutionConfigurationPlatforms) = preSolution
		Debug|Any CPU = Debug|Any CPU
		Release|Any CPU = Release|Any CPU
	EndGlobalSection
	GlobalSection(ProjectConfigurationPlatforms) = postSolution
		{F865D1D9-FC17-4DA9-8DF1-3366D296BEA9}.Debug|Any CPU.ActiveCfg = Debug|Any CPU
		{F865D1D9-FC17-4DA9-8DF1-3366D296BEA9}.Debug|Any CPU.Build.0 = Debug|Any CPU
		{F865D1D9-FC17-4DA9-8DF1-3366D296BEA9}.Release|Any CPU.ActiveCfg = Release|Any CPU
		{F865D1D9-FC17-4DA9-8DF1-3366D296BEA9}.Release|Any CPU.Build.0 = Release|Any CPU
		{67312E61-8D6B-4D0C-AC39-BF1A28650978}.Debug|Any CPU.ActiveCfg = Debug|Any CPU
		{67312E61-8D6B-4D0C-AC39-BF1A28650978}.Debug|Any CPU.Build.0 = Debug|Any CPU
		{67312E61-8D6B-4D0C-AC39-BF1A28650978}.Release|Any CPU.ActiveCfg = Release|Any CPU
		{67312E61-8D6B-4D0C-AC39-BF1A28650978}.Release|Any CPU.Build.0 = Release|Any CPU
		{CA687E5A-AF17-4149-8FDA-71BF421BB93C}.Debug|Any CPU.ActiveCfg = Debug|Any CPU
		{CA687E5A-AF17-4149-8FDA-71BF421BB93C}.Debug|Any CPU.Build.0 = Debug|Any CPU
		{CA687E5A-AF17-4149-8FDA-71BF421BB93C}.Release|Any CPU.ActiveCfg = Release|Any CPU
		{CA687E5A-AF17-4149-8FDA-71BF421BB93C}.Release|Any CPU.Build.0 = Release|Any CPU
		{C34C28A0-F792-4053-8F70-73E997863A48}.Debug|Any CPU.ActiveCfg = Debug|Any CPU
		{C34C28A0-F792-4053-8F70-73E997863A48}.Debug|Any CPU.Build.0 = Debug|Any CPU
		{C34C28A0-F792-4053-8F70-73E997863A48}.Release|Any CPU.ActiveCfg = Release|Any CPU
		{C34C28A0-F792-4053-8F70-73E997863A48}.Release|Any CPU.Build.0 = Release|Any CPU
	EndGlobalSection
	GlobalSection(SolutionProperties) = preSolution
		HideSolutionNode = FALSE
	EndGlobalSection
	GlobalSection(ExtensibilityGlobals) = postSolution
		SolutionGuid = {42EB0AAF-EF72-4022-845D-38393B124CFB}
	EndGlobalSection
EndGlobal
